
Microsoft Visual Studio Solution File, Format Version 12.00
# Visual Studio Version 16
VisualStudioVersion = 16.0.29709.97
MinimumVisualStudioVersion = 10.0.40219.1
Project("{FAE04EC0-301F-11D3-BF4B-00C04F79EFBC}") = "nodeset2json", "nodeset2json.csproj", "{76DB7E5A-7EBA-4B34-B4EF-93AFEBAF2BC3}"
EndProject
Global
	GlobalSection(SolutionConfigurationPlatforms) = preSolution
		Debug|Any CPU = Debug|Any CPU
		Release|Any CPU = Release|Any CPU
	EndGlobalSection
	GlobalSection(ProjectConfigurationPlatforms) = postSolution
		{76DB7E5A-7EBA-4B34-B4EF-93AFEBAF2BC3}.Debug|Any CPU.ActiveCfg = Debug|Any CPU
		{76DB7E5A-7EBA-4B34-B4EF-93AFEBAF2BC3}.Debug|Any CPU.Build.0 = Debug|Any CPU
		{76DB7E5A-7EBA-4B34-B4EF-93AFEBAF2BC3}.Release|Any CPU.ActiveCfg = Release|Any CPU
		{76DB7E5A-7EBA-4B34-B4EF-93AFEBAF2BC3}.Release|Any CPU.Build.0 = Release|Any CPU
	EndGlobalSection
	GlobalSection(SolutionProperties) = preSolution
		HideSolutionNode = FALSE
	EndGlobalSection
	GlobalSection(ExtensibilityGlobals) = postSolution
		SolutionGuid = {B5FC4C30-075C-4A9E-B25F-BE00C8436156}
	EndGlobalSection
EndGlobal
